// !$*UTF8*$!
{
	archiveVersion = 1;
	classes = {
	};
	objectVersion = 46;
	objects = {

/* Begin PBXBuildFile section */
		0266B6AE89B2DA354D53444A /* libPods-TDD_CourseUnitTest.a in Frameworks */ = {isa = PBXBuildFile; fileRef = 8308E7203691B74696569811 /* libPods-TDD_CourseUnitTest.a */; };
		0996554E1DA4EB2E000D0CC7 /* main.m in Sources */ = {isa = PBXBuildFile; fileRef = 0996554D1DA4EB2E000D0CC7 /* main.m */; };
		09B334B41DAE687C00163C5B /* Info.plist in Resources */ = {isa = PBXBuildFile; fileRef = 09B334B31DAE687C00163C5B /* Info.plist */; };
		09B334B51DAE693000163C5B /* BarcodeScannedCommandTest.m in Sources */ = {isa = PBXBuildFile; fileRef = CC6842915A1D1388A677FD14 /* BarcodeScannedCommandTest.m */; };
		09B334B61DAE693000163C5B /* BarcodeScannedOperationTest.m in Sources */ = {isa = PBXBuildFile; fileRef = CC6846A1086AC0345E1247E8 /* BarcodeScannedOperationTest.m */; };
		09B334B71DAE693000163C5B /* FinishOperationTest.m in Sources */ = {isa = PBXBuildFile; fileRef = CC68426BD56098BE78247931 /* FinishOperationTest.m */; };
		09B334B81DAE693000163C5B /* PointOfSaleTest.m in Sources */ = {isa = PBXBuildFile; fileRef = CC684B42AF032FC1062AA318 /* PointOfSaleTest.m */; };
		09B334BA1DAE694F00163C5B /* XCTest.framework in Frameworks */ = {isa = PBXBuildFile; fileRef = 09B334B91DAE694F00163C5B /* XCTest.framework */; };
		CC684050202C1AF48DF15A3E /* Executor.m in Sources */ = {isa = PBXBuildFile; fileRef = CC68462FF873E4092EEEC553 /* Executor.m */; };
		CC68410221A0D5CAD5368E0E /* Executor.m in Sources */ = {isa = PBXBuildFile; fileRef = CC68462FF873E4092EEEC553 /* Executor.m */; };
		CC6842144125B7CD3389D2B7 /* Command.m in Sources */ = {isa = PBXBuildFile; fileRef = CC6846E39F34D085DB15E264 /* Command.m */; };
		CC68430E27EE5A43F0BF62D0 /* Info.plist in Resources */ = {isa = PBXBuildFile; fileRef = CC6844BC56EC3CBE2EDDCB47 /* Info.plist */; };
		CC684378FB1864D8717172F0 /* Command.m in Sources */ = {isa = PBXBuildFile; fileRef = CC6846E39F34D085DB15E264 /* Command.m */; };
		CC6843C52FF6703519B4C9E6 /* Controller.m in Sources */ = {isa = PBXBuildFile; fileRef = CC6845103A5D2E5BCF437C02 /* Controller.m */; };
		CC6843C66CAC3F4BDA63A725 /* TestInputProvider.m in Sources */ = {isa = PBXBuildFile; fileRef = CC684F8C0817582B31612373 /* TestInputProvider.m */; };
		CC6843E4ABA005A78697D150 /* BarcodeScannedOperation.m in Sources */ = {isa = PBXBuildFile; fileRef = CC6842704850288195BF794E /* BarcodeScannedOperation.m */; };
		CC68441CB15DB6F3038F0D37 /* BarcodeScannedOperation.m in Sources */ = {isa = PBXBuildFile; fileRef = CC6842704850288195BF794E /* BarcodeScannedOperation.m */; };
		CC684445E4E3415AC7CD5FC5 /* Command.m in Sources */ = {isa = PBXBuildFile; fileRef = CC6846E39F34D085DB15E264 /* Command.m */; };
		CC684484B22E0B1DA84F9F8D /* InMemoryCatalog.m in Sources */ = {isa = PBXBuildFile; fileRef = CC68473E40A929D9616A1667 /* InMemoryCatalog.m */; };
		CC6844AFA7B4DF14AF48AC66 /* ViewController.m in Sources */ = {isa = PBXBuildFile; fileRef = CC684528B8F9151149B28C5E /* ViewController.m */; };
		CC68453F98777651A6050AA8 /* Cart.m in Sources */ = {isa = PBXBuildFile; fileRef = CC684A763289D51E1A98C13A /* Cart.m */; };
		CC684544F33DC6C485CC44ED /* FinishCommand.m in Sources */ = {isa = PBXBuildFile; fileRef = CC68449017098432516316C6 /* FinishCommand.m */; };
		CC68469ACAB6AA54F4D13726 /* BarcodeScannedCommand.m in Sources */ = {isa = PBXBuildFile; fileRef = CC684A33BD98105112BD9435 /* BarcodeScannedCommand.m */; };
		CC6847C27219978076A5F5B6 /* InMemoryCatalog.m in Sources */ = {isa = PBXBuildFile; fileRef = CC68473E40A929D9616A1667 /* InMemoryCatalog.m */; };
		CC6847CC0AC9975755635A80 /* Assets.xcassets in Resources */ = {isa = PBXBuildFile; fileRef = CC68436C224D0CAE0CA8F826 /* Assets.xcassets */; };
		CC68486847A21DEF6A708342 /* PointOfSaleController.m in Sources */ = {isa = PBXBuildFile; fileRef = CC6841ACAA9E054822EE8043 /* PointOfSaleController.m */; };
		CC68486C1A9633BE6B309DAF /* FinishCommand.m in Sources */ = {isa = PBXBuildFile; fileRef = CC68449017098432516316C6 /* FinishCommand.m */; };
		CC684877A63698609F21A004 /* BarcodeScannedCommand.m in Sources */ = {isa = PBXBuildFile; fileRef = CC684A33BD98105112BD9435 /* BarcodeScannedCommand.m */; };
		CC68489621DF39E86E3A3DAA /* main.m in Sources */ = {isa = PBXBuildFile; fileRef = CC68482FADF4FFF688E5CAE0 /* main.m */; };
		CC6848BA0CD6CCA4F2D82609 /* BarcodeScannedOperation.m in Sources */ = {isa = PBXBuildFile; fileRef = CC6842704850288195BF794E /* BarcodeScannedOperation.m */; };
		CC6849004552BFB3A932FFF0 /* Main.storyboard in Resources */ = {isa = PBXBuildFile; fileRef = CC68468DDBF7F127BE6BD34C /* Main.storyboard */; };
		CC68490065123EDA5E83B747 /* FinishCommand.m in Sources */ = {isa = PBXBuildFile; fileRef = CC68449017098432516316C6 /* FinishCommand.m */; };
		CC6849A082CE7D0F22C0CE40 /* Item.m in Sources */ = {isa = PBXBuildFile; fileRef = CC684E8A4D89956827621CBD /* Item.m */; };
		CC684A19CF9814D040EA1D94 /* Controller.m in Sources */ = {isa = PBXBuildFile; fileRef = CC6845103A5D2E5BCF437C02 /* Controller.m */; };
		CC684A74EF02480373FF70AB /* Controller.m in Sources */ = {isa = PBXBuildFile; fileRef = CC6845103A5D2E5BCF437C02 /* Controller.m */; };
		CC684C27DC6FEA3F3FCA04D8 /* TestInputProvider.m in Sources */ = {isa = PBXBuildFile; fileRef = CC684F8C0817582B31612373 /* TestInputProvider.m */; };
		CC684C28CC6A7B48967D8BC4 /* Cart.m in Sources */ = {isa = PBXBuildFile; fileRef = CC684A763289D51E1A98C13A /* Cart.m */; };
		CC684C5437505A575DBE2AAC /* Item.m in Sources */ = {isa = PBXBuildFile; fileRef = CC684E8A4D89956827621CBD /* Item.m */; };
		CC684C69F619D6565E53BD5D /* PointOfSaleController.m in Sources */ = {isa = PBXBuildFile; fileRef = CC6841ACAA9E054822EE8043 /* PointOfSaleController.m */; };
		CC684CDB0620EE1709ACB5E3 /* FinishOperation.m in Sources */ = {isa = PBXBuildFile; fileRef = CC68417488694B4D32E7AA10 /* FinishOperation.m */; };
		CC684CF9435EBC0401F74ED2 /* PointOfSaleController.m in Sources */ = {isa = PBXBuildFile; fileRef = CC6841ACAA9E054822EE8043 /* PointOfSaleController.m */; };
		CC684CFBB33ECC64C2AEB9D4 /* LaunchScreen.storyboard in Resources */ = {isa = PBXBuildFile; fileRef = CC684B0877DE0F0B0E369C07 /* LaunchScreen.storyboard */; };
		CC684D07F7DA1AC4B7699BF4 /* Cart.m in Sources */ = {isa = PBXBuildFile; fileRef = CC684A763289D51E1A98C13A /* Cart.m */; };
		CC684D57EC8E26C13A3CE2C1 /* TestInputProvider.m in Sources */ = {isa = PBXBuildFile; fileRef = CC684F8C0817582B31612373 /* TestInputProvider.m */; };
		CC684D585367E6C02C39D8F8 /* InMemoryCatalog.m in Sources */ = {isa = PBXBuildFile; fileRef = CC68473E40A929D9616A1667 /* InMemoryCatalog.m */; };
		CC684D687AA54C4D99ACD268 /* FinishOperation.m in Sources */ = {isa = PBXBuildFile; fileRef = CC68417488694B4D32E7AA10 /* FinishOperation.m */; };
		CC684D881E712449688568DC /* AppDelegate.m in Sources */ = {isa = PBXBuildFile; fileRef = CC684DAA30AAA5264FA0C0E8 /* AppDelegate.m */; };
		CC684F318B62752C08DDF299 /* BarcodeScannedCommand.m in Sources */ = {isa = PBXBuildFile; fileRef = CC684A33BD98105112BD9435 /* BarcodeScannedCommand.m */; };
		CC684F64B01D3AE2734D34AF /* Executor.m in Sources */ = {isa = PBXBuildFile; fileRef = CC68462FF873E4092EEEC553 /* Executor.m */; };
		CC684FAEBDC64AC38B103441 /* Item.m in Sources */ = {isa = PBXBuildFile; fileRef = CC684E8A4D89956827621CBD /* Item.m */; };
		CC684FD6671F5A0F703B74F8 /* FinishOperation.m in Sources */ = {isa = PBXBuildFile; fileRef = CC68417488694B4D32E7AA10 /* FinishOperation.m */; };
/* End PBXBuildFile section */

/* Begin PBXCopyFilesBuildPhase section */
		099655491DA4EB2E000D0CC7 /* CopyFiles */ = {
			isa = PBXCopyFilesBuildPhase;
			buildActionMask = 2147483647;
			dstPath = /usr/share/man/man1/;
			dstSubfolderSpec = 0;
			files = (
			);
			runOnlyForDeploymentPostprocessing = 1;
		};
/* End PBXCopyFilesBuildPhase section */

/* Begin PBXFileReference section */
		0996554B1DA4EB2E000D0CC7 /* TDD_Course_macOS */ = {isa = PBXFileReference; explicitFileType = "compiled.mach-o.executable"; includeInIndex = 0; path = TDD_Course_macOS; sourceTree = BUILT_PRODUCTS_DIR; };
		0996554D1DA4EB2E000D0CC7 /* main.m */ = {isa = PBXFileReference; lastKnownFileType = sourcecode.c.objc; path = main.m; sourceTree = "<group>"; };
		09B334AB1DAE684200163C5B /* TDD_CourseUnitTest.xctest */ = {isa = PBXFileReference; explicitFileType = wrapper.cfbundle; includeInIndex = 0; path = TDD_CourseUnitTest.xctest; sourceTree = BUILT_PRODUCTS_DIR; };
		09B334B31DAE687C00163C5B /* Info.plist */ = {isa = PBXFileReference; fileEncoding = 4; lastKnownFileType = text.plist.xml; path = Info.plist; sourceTree = "<group>"; };
		09B334B91DAE694F00163C5B /* XCTest.framework */ = {isa = PBXFileReference; lastKnownFileType = wrapper.framework; name = XCTest.framework; path = Platforms/MacOSX.platform/Developer/Library/Frameworks/XCTest.framework; sourceTree = DEVELOPER_DIR; };
		3103528833DA0580873FDA14 /* Pods-TDD_CourseUnutTests.release.xcconfig */ = {isa = PBXFileReference; includeInIndex = 1; lastKnownFileType = text.xcconfig; name = "Pods-TDD_CourseUnutTests.release.xcconfig"; path = "Pods/Target Support Files/Pods-TDD_CourseUnutTests/Pods-TDD_CourseUnutTests.release.xcconfig"; sourceTree = "<group>"; };
		8308E7203691B74696569811 /* libPods-TDD_CourseUnitTest.a */ = {isa = PBXFileReference; explicitFileType = archive.ar; includeInIndex = 0; path = "libPods-TDD_CourseUnitTest.a"; sourceTree = BUILT_PRODUCTS_DIR; };
		8DA85BE43CE5550A1A4D822B /* Pods-TDD_CourseTests.release.xcconfig */ = {isa = PBXFileReference; includeInIndex = 1; lastKnownFileType = text.xcconfig; name = "Pods-TDD_CourseTests.release.xcconfig"; path = "Pods/Target Support Files/Pods-TDD_CourseTests/Pods-TDD_CourseTests.release.xcconfig"; sourceTree = "<group>"; };
		94794ACED823556A8C404311 /* Pods-TDD_CourseTests.debug.xcconfig */ = {isa = PBXFileReference; includeInIndex = 1; lastKnownFileType = text.xcconfig; name = "Pods-TDD_CourseTests.debug.xcconfig"; path = "Pods/Target Support Files/Pods-TDD_CourseTests/Pods-TDD_CourseTests.debug.xcconfig"; sourceTree = "<group>"; };
		AB686F3DF67A118CE7A90CC7 /* libPods-TDD_CourseTests.a */ = {isa = PBXFileReference; explicitFileType = archive.ar; includeInIndex = 0; path = "libPods-TDD_CourseTests.a"; sourceTree = BUILT_PRODUCTS_DIR; };
		AB91D9C16B09584BC7660F23 /* libPods-TDD_CourseUnutTests.a */ = {isa = PBXFileReference; explicitFileType = archive.ar; includeInIndex = 0; path = "libPods-TDD_CourseUnutTests.a"; sourceTree = BUILT_PRODUCTS_DIR; };
		AF72957357CF470A2AD77B47 /* Pods-TDD_CourseUnitTest.debug.xcconfig */ = {isa = PBXFileReference; includeInIndex = 1; lastKnownFileType = text.xcconfig; name = "Pods-TDD_CourseUnitTest.debug.xcconfig"; path = "Pods/Target Support Files/Pods-TDD_CourseUnitTest/Pods-TDD_CourseUnitTest.debug.xcconfig"; sourceTree = "<group>"; };
		BCEC9209A458A5B01D12C935 /* Pods-TDD_CourseUnitTest.release.xcconfig */ = {isa = PBXFileReference; includeInIndex = 1; lastKnownFileType = text.xcconfig; name = "Pods-TDD_CourseUnitTest.release.xcconfig"; path = "Pods/Target Support Files/Pods-TDD_CourseUnitTest/Pods-TDD_CourseUnitTest.release.xcconfig"; sourceTree = "<group>"; };
		C4258EA4B7181CF1BDBA98A8 /* Pods-TDD_CourseUnutTests.debug.xcconfig */ = {isa = PBXFileReference; includeInIndex = 1; lastKnownFileType = text.xcconfig; name = "Pods-TDD_CourseUnutTests.debug.xcconfig"; path = "Pods/Target Support Files/Pods-TDD_CourseUnutTests/Pods-TDD_CourseUnutTests.debug.xcconfig"; sourceTree = "<group>"; };
		CC6840BC3B323FEC1B2A097D /* PointOfSaleController.h */ = {isa = PBXFileReference; fileEncoding = 4; lastKnownFileType = sourcecode.c.h; path = PointOfSaleController.h; sourceTree = "<group>"; };
		CC6840BD7FDDCF0F1CCD3E1D /* Input.h */ = {isa = PBXFileReference; fileEncoding = 4; lastKnownFileType = sourcecode.c.h; path = Input.h; sourceTree = "<group>"; };
		CC6841610274E1680420247E /* Base */ = {isa = PBXFileReference; lastKnownFileType = file.storyboard; name = Base; path = Base.lproj/Main.storyboard; sourceTree = "<group>"; };
		CC68417488694B4D32E7AA10 /* FinishOperation.m */ = {isa = PBXFileReference; fileEncoding = 4; lastKnownFileType = sourcecode.c.objc; path = FinishOperation.m; sourceTree = "<group>"; };
		CC6841ACAA9E054822EE8043 /* PointOfSaleController.m */ = {isa = PBXFileReference; fileEncoding = 4; lastKnownFileType = sourcecode.c.objc; path = PointOfSaleController.m; sourceTree = "<group>"; };
		CC6841BFDBFD8A5C612C716D /* BarcodeScannedOperation.h */ = {isa = PBXFileReference; fileEncoding = 4; lastKnownFileType = sourcecode.c.h; path = BarcodeScannedOperation.h; sourceTree = "<group>"; };
		CC68426BD56098BE78247931 /* FinishOperationTest.m */ = {isa = PBXFileReference; fileEncoding = 4; lastKnownFileType = sourcecode.c.objc; path = FinishOperationTest.m; sourceTree = "<group>"; };
		CC6842704850288195BF794E /* BarcodeScannedOperation.m */ = {isa = PBXFileReference; fileEncoding = 4; lastKnownFileType = sourcecode.c.objc; path = BarcodeScannedOperation.m; sourceTree = "<group>"; };
		CC6842915A1D1388A677FD14 /* BarcodeScannedCommandTest.m */ = {isa = PBXFileReference; fileEncoding = 4; lastKnownFileType = sourcecode.c.objc; path = BarcodeScannedCommandTest.m; sourceTree = "<group>"; };
		CC6842DCC9CEC8DB7A964D33 /* Controller.h */ = {isa = PBXFileReference; fileEncoding = 4; lastKnownFileType = sourcecode.c.h; path = Controller.h; sourceTree = "<group>"; };
		CC68436C224D0CAE0CA8F826 /* Assets.xcassets */ = {isa = PBXFileReference; lastKnownFileType = folder.assetcatalog; path = Assets.xcassets; sourceTree = "<group>"; };
		CC6843DCAE94F8BF40D40E22 /* Catalog.h */ = {isa = PBXFileReference; fileEncoding = 4; lastKnownFileType = sourcecode.c.h; path = Catalog.h; sourceTree = "<group>"; };
		CC6844055CFC9D9ED7FFFB52 /* Cart.h */ = {isa = PBXFileReference; fileEncoding = 4; lastKnownFileType = sourcecode.c.h; path = Cart.h; sourceTree = "<group>"; };
		CC684422A2573E6815C404E4 /* BarcodeScannedCommand.h */ = {isa = PBXFileReference; fileEncoding = 4; lastKnownFileType = sourcecode.c.h; path = BarcodeScannedCommand.h; sourceTree = "<group>"; };
		CC6844258685AEBFD32F9304 /* Operation.h */ = {isa = PBXFileReference; fileEncoding = 4; lastKnownFileType = sourcecode.c.h; path = Operation.h; sourceTree = "<group>"; };
		CC68449017098432516316C6 /* FinishCommand.m */ = {isa = PBXFileReference; fileEncoding = 4; lastKnownFileType = sourcecode.c.objc; path = FinishCommand.m; sourceTree = "<group>"; };
		CC6844B07161BF260938E395 /* AppDelegate.h */ = {isa = PBXFileReference; lastKnownFileType = sourcecode.c.h; path = AppDelegate.h; sourceTree = "<group>"; };
		CC6844BC56EC3CBE2EDDCB47 /* Info.plist */ = {isa = PBXFileReference; lastKnownFileType = text.plist.info; path = Info.plist; sourceTree = "<group>"; };
		CC6845103A5D2E5BCF437C02 /* Controller.m */ = {isa = PBXFileReference; fileEncoding = 4; lastKnownFileType = sourcecode.c.objc; path = Controller.m; sourceTree = "<group>"; };
		CC684528B8F9151149B28C5E /* ViewController.m */ = {isa = PBXFileReference; fileEncoding = 4; lastKnownFileType = sourcecode.c.objc; path = ViewController.m; sourceTree = "<group>"; };
		CC684547E4427A3DE60CFD2F /* Scanner.h */ = {isa = PBXFileReference; fileEncoding = 4; lastKnownFileType = sourcecode.c.h; path = Scanner.h; sourceTree = "<group>"; };
		CC68457D2A294BB780CF907E /* Command.h */ = {isa = PBXFileReference; fileEncoding = 4; lastKnownFileType = sourcecode.c.h; path = Command.h; sourceTree = "<group>"; };
		CC68462FF873E4092EEEC553 /* Executor.m */ = {isa = PBXFileReference; fileEncoding = 4; lastKnownFileType = sourcecode.c.objc; path = Executor.m; sourceTree = "<group>"; };
		CC6846A1086AC0345E1247E8 /* BarcodeScannedOperationTest.m */ = {isa = PBXFileReference; fileEncoding = 4; lastKnownFileType = sourcecode.c.objc; path = BarcodeScannedOperationTest.m; sourceTree = "<group>"; };
		CC6846E39F34D085DB15E264 /* Command.m */ = {isa = PBXFileReference; fileEncoding = 4; lastKnownFileType = sourcecode.c.objc; path = Command.m; sourceTree = "<group>"; };
		CC68473E40A929D9616A1667 /* InMemoryCatalog.m */ = {isa = PBXFileReference; fileEncoding = 4; lastKnownFileType = sourcecode.c.objc; path = InMemoryCatalog.m; sourceTree = "<group>"; };
		CC6848246E2173438CCD71B9 /* Base */ = {isa = PBXFileReference; lastKnownFileType = file.storyboard; name = Base; path = Base.lproj/LaunchScreen.storyboard; sourceTree = "<group>"; };
		CC68482FADF4FFF688E5CAE0 /* main.m */ = {isa = PBXFileReference; lastKnownFileType = sourcecode.c.objc; path = main.m; sourceTree = "<group>"; };
		CC6848749DF92863783D913B /* InMemoryCatalog.h */ = {isa = PBXFileReference; fileEncoding = 4; lastKnownFileType = sourcecode.c.h; path = InMemoryCatalog.h; sourceTree = "<group>"; };
		CC68487A8E8ECB578C9D07E9 /* FinishOperation.h */ = {isa = PBXFileReference; fileEncoding = 4; lastKnownFileType = sourcecode.c.h; path = FinishOperation.h; sourceTree = "<group>"; };
		CC684A33BD98105112BD9435 /* BarcodeScannedCommand.m */ = {isa = PBXFileReference; fileEncoding = 4; lastKnownFileType = sourcecode.c.objc; path = BarcodeScannedCommand.m; sourceTree = "<group>"; };
		CC684A60D6A574211D49988A /* Item.h */ = {isa = PBXFileReference; fileEncoding = 4; lastKnownFileType = sourcecode.c.h; path = Item.h; sourceTree = "<group>"; };
		CC684A763289D51E1A98C13A /* Cart.m */ = {isa = PBXFileReference; fileEncoding = 4; lastKnownFileType = sourcecode.c.objc; path = Cart.m; sourceTree = "<group>"; };
		CC684AB45986D8C78B23CC9E /* TestInputProvider.h */ = {isa = PBXFileReference; fileEncoding = 4; lastKnownFileType = sourcecode.c.h; path = TestInputProvider.h; sourceTree = "<group>"; };
		CC684B42AF032FC1062AA318 /* PointOfSaleTest.m */ = {isa = PBXFileReference; fileEncoding = 4; lastKnownFileType = sourcecode.c.objc; path = PointOfSaleTest.m; sourceTree = "<group>"; };
		CC684C4B5E36440E31DC0C2F /* TDD_Course_iOS.app */ = {isa = PBXFileReference; explicitFileType = wrapper.application; includeInIndex = 0; path = TDD_Course_iOS.app; sourceTree = BUILT_PRODUCTS_DIR; };
		CC684CCC39CFFE1AE694B950 /* FinishCommand.h */ = {isa = PBXFileReference; fileEncoding = 4; lastKnownFileType = sourcecode.c.h; path = FinishCommand.h; sourceTree = "<group>"; };
		CC684CFABE43178CB183150B /* Display.h */ = {isa = PBXFileReference; fileEncoding = 4; lastKnownFileType = sourcecode.c.h; path = Display.h; sourceTree = "<group>"; };
		CC684DAA30AAA5264FA0C0E8 /* AppDelegate.m */ = {isa = PBXFileReference; lastKnownFileType = sourcecode.c.objc; path = AppDelegate.m; sourceTree = "<group>"; };
		CC684E8A4D89956827621CBD /* Item.m */ = {isa = PBXFileReference; fileEncoding = 4; lastKnownFileType = sourcecode.c.objc; path = Item.m; sourceTree = "<group>"; };
		CC684EA3A42E7113672C6B01 /* Executor.h */ = {isa = PBXFileReference; fileEncoding = 4; lastKnownFileType = sourcecode.c.h; path = Executor.h; sourceTree = "<group>"; };
		CC684EE1D0B14E44AA8EF0CD /* ViewController.h */ = {isa = PBXFileReference; fileEncoding = 4; lastKnownFileType = sourcecode.c.h; path = ViewController.h; sourceTree = "<group>"; };
		CC684F8C0817582B31612373 /* TestInputProvider.m */ = {isa = PBXFileReference; fileEncoding = 4; lastKnownFileType = sourcecode.c.objc; path = TestInputProvider.m; sourceTree = "<group>"; };
/* End PBXFileReference section */

/* Begin PBXFrameworksBuildPhase section */
		099655481DA4EB2E000D0CC7 /* Frameworks */ = {
			isa = PBXFrameworksBuildPhase;
			buildActionMask = 2147483647;
			files = (
			);
			runOnlyForDeploymentPostprocessing = 0;
		};
		09B334A81DAE684200163C5B /* Frameworks */ = {
			isa = PBXFrameworksBuildPhase;
			buildActionMask = 2147483647;
			files = (
				09B334BA1DAE694F00163C5B /* XCTest.framework in Frameworks */,
				0266B6AE89B2DA354D53444A /* libPods-TDD_CourseUnitTest.a in Frameworks */,
			);
			runOnlyForDeploymentPostprocessing = 0;
		};
		CC684325990FD889D99F208F /* Frameworks */ = {
			isa = PBXFrameworksBuildPhase;
			buildActionMask = 2147483647;
			files = (
			);
			runOnlyForDeploymentPostprocessing = 0;
		};
/* End PBXFrameworksBuildPhase section */

/* Begin PBXGroup section */
		0996554C1DA4EB2E000D0CC7 /* TDD_Course_Mac */ = {
			isa = PBXGroup;
			children = (
				0996554D1DA4EB2E000D0CC7 /* main.m */,
			);
			path = TDD_Course_Mac;
			sourceTree = "<group>";
		};
		728D6C86B1C5350CD22F7CA0 /* Pods */ = {
			isa = PBXGroup;
			children = (
				94794ACED823556A8C404311 /* Pods-TDD_CourseTests.debug.xcconfig */,
				8DA85BE43CE5550A1A4D822B /* Pods-TDD_CourseTests.release.xcconfig */,
				C4258EA4B7181CF1BDBA98A8 /* Pods-TDD_CourseUnutTests.debug.xcconfig */,
				3103528833DA0580873FDA14 /* Pods-TDD_CourseUnutTests.release.xcconfig */,
				AF72957357CF470A2AD77B47 /* Pods-TDD_CourseUnitTest.debug.xcconfig */,
				BCEC9209A458A5B01D12C935 /* Pods-TDD_CourseUnitTest.release.xcconfig */,
			);
			name = Pods;
			sourceTree = "<group>";
		};
		CB1DB8D2D20B8A8DEBCC1135 /* Frameworks */ = {
			isa = PBXGroup;
			children = (
				09B334B91DAE694F00163C5B /* XCTest.framework */,
				AB686F3DF67A118CE7A90CC7 /* libPods-TDD_CourseTests.a */,
				AB91D9C16B09584BC7660F23 /* libPods-TDD_CourseUnutTests.a */,
				8308E7203691B74696569811 /* libPods-TDD_CourseUnitTest.a */,
			);
			name = Frameworks;
			sourceTree = "<group>";
		};
		CC68402BCC1BC1DEF660B2F6 /* catalog */ = {
			isa = PBXGroup;
			children = (
				CC6843DCAE94F8BF40D40E22 /* Catalog.h */,
				CC6848749DF92863783D913B /* InMemoryCatalog.h */,
				CC68473E40A929D9616A1667 /* InMemoryCatalog.m */,
			);
			path = catalog;
			sourceTree = "<group>";
		};
		CC684230F327A5596C8C55B2 /* Products */ = {
			isa = PBXGroup;
			children = (
				CC684C4B5E36440E31DC0C2F /* TDD_Course_iOS.app */,
				0996554B1DA4EB2E000D0CC7 /* TDD_Course_macOS */,
				09B334AB1DAE684200163C5B /* TDD_CourseUnitTest.xctest */,
			);
			name = Products;
			sourceTree = "<group>";
		};
		CC6842A06B9245AD29517E90 /* TDD_Course */ = {
			isa = PBXGroup;
			children = (
				CC684CFABE43178CB183150B /* Display.h */,
				CC684547E4427A3DE60CFD2F /* Scanner.h */,
				CC684A763289D51E1A98C13A /* Cart.m */,
				CC6844055CFC9D9ED7FFFB52 /* Cart.h */,
				CC68462FF873E4092EEEC553 /* Executor.m */,
				CC684EA3A42E7113672C6B01 /* Executor.h */,
				CC6840BD7FDDCF0F1CCD3E1D /* Input.h */,
				CC684BF601A35627DAD2C878 /* operations */,
				CC684A39A2267B3DA0F8399A /* commands */,
				CC68452EE654960DA5DE55D5 /* controllers */,
				CC684E8A4D89956827621CBD /* Item.m */,
				CC684A60D6A574211D49988A /* Item.h */,
				CC68402BCC1BC1DEF660B2F6 /* catalog */,
				CC684F8C0817582B31612373 /* TestInputProvider.m */,
				CC684AB45986D8C78B23CC9E /* TestInputProvider.h */,
			);
			path = TDD_Course;
			sourceTree = "<group>";
		};
		CC68442AA02C004614A1D7E8 /* catalog */ = {
			isa = PBXGroup;
			children = (
			);
			path = catalog;
			sourceTree = "<group>";
		};
		CC68452EE654960DA5DE55D5 /* controllers */ = {
			isa = PBXGroup;
			children = (
				CC6840BC3B323FEC1B2A097D /* PointOfSaleController.h */,
				CC6841ACAA9E054822EE8043 /* PointOfSaleController.m */,
				CC6845103A5D2E5BCF437C02 /* Controller.m */,
				CC6842DCC9CEC8DB7A964D33 /* Controller.h */,
			);
			path = controllers;
			sourceTree = "<group>";
		};
		CC6848A27D2FFCEFF7FC61D0 /* Source */ = {
			isa = PBXGroup;
			children = (
				CC684EE1D0B14E44AA8EF0CD /* ViewController.h */,
				CC684528B8F9151149B28C5E /* ViewController.m */,
				CC68442AA02C004614A1D7E8 /* catalog */,
			);
			path = Source;
			sourceTree = "<group>";
		};
		CC684A39A2267B3DA0F8399A /* commands */ = {
			isa = PBXGroup;
			children = (
				CC684422A2573E6815C404E4 /* BarcodeScannedCommand.h */,
				CC684A33BD98105112BD9435 /* BarcodeScannedCommand.m */,
				CC684CCC39CFFE1AE694B950 /* FinishCommand.h */,
				CC68449017098432516316C6 /* FinishCommand.m */,
				CC68457D2A294BB780CF907E /* Command.h */,
				CC6846E39F34D085DB15E264 /* Command.m */,
			);
			path = commands;
			sourceTree = "<group>";
		};
		CC684B551EB6FC2B09F9F154 /* TDD_CourseUnitTest */ = {
			isa = PBXGroup;
			children = (
				09B334B31DAE687C00163C5B /* Info.plist */,
				CC6842915A1D1388A677FD14 /* BarcodeScannedCommandTest.m */,
				CC6846A1086AC0345E1247E8 /* BarcodeScannedOperationTest.m */,
				CC68426BD56098BE78247931 /* FinishOperationTest.m */,
				CC684B42AF032FC1062AA318 /* PointOfSaleTest.m */,
			);
			path = TDD_CourseUnitTest;
			sourceTree = "<group>";
		};
		CC684BD53139A9D366B1E443 /* Supporting Files */ = {
			isa = PBXGroup;
			children = (
				CC68482FADF4FFF688E5CAE0 /* main.m */,
			);
			name = "Supporting Files";
			sourceTree = "<group>";
		};
		CC684BF601A35627DAD2C878 /* operations */ = {
			isa = PBXGroup;
			children = (
				CC6841BFDBFD8A5C612C716D /* BarcodeScannedOperation.h */,
				CC6842704850288195BF794E /* BarcodeScannedOperation.m */,
				CC68487A8E8ECB578C9D07E9 /* FinishOperation.h */,
				CC68417488694B4D32E7AA10 /* FinishOperation.m */,
				CC6844258685AEBFD32F9304 /* Operation.h */,
			);
			path = operations;
			sourceTree = "<group>";
		};
		CC684C8BA54727BD00A63524 /* TDD_Course_iOS */ = {
			isa = PBXGroup;
			children = (
				CC6844BC56EC3CBE2EDDCB47 /* Info.plist */,
				CC68436C224D0CAE0CA8F826 /* Assets.xcassets */,
				CC684B0877DE0F0B0E369C07 /* LaunchScreen.storyboard */,
				CC684BD53139A9D366B1E443 /* Supporting Files */,
				CC6844B07161BF260938E395 /* AppDelegate.h */,
				CC684DAA30AAA5264FA0C0E8 /* AppDelegate.m */,
				CC68468DDBF7F127BE6BD34C /* Main.storyboard */,
				CC6848A27D2FFCEFF7FC61D0 /* Source */,
			);
			path = TDD_Course_iOS;
			sourceTree = "<group>";
		};
		CC684F9ED0F36C25224E57CA = {
			isa = PBXGroup;
			children = (
				0996554C1DA4EB2E000D0CC7 /* TDD_Course_Mac */,
				CC684230F327A5596C8C55B2 /* Products */,
				CC684C8BA54727BD00A63524 /* TDD_Course_iOS */,
				728D6C86B1C5350CD22F7CA0 /* Pods */,
				CB1DB8D2D20B8A8DEBCC1135 /* Frameworks */,
				CC6842A06B9245AD29517E90 /* TDD_Course */,
				CC684B551EB6FC2B09F9F154 /* TDD_CourseUnitTest */,
			);
			sourceTree = "<group>";
		};
/* End PBXGroup section */

/* Begin PBXNativeTarget section */
		0996554A1DA4EB2E000D0CC7 /* TDD_Course_macOS */ = {
			isa = PBXNativeTarget;
			buildConfigurationList = 099655511DA4EB2E000D0CC7 /* Build configuration list for PBXNativeTarget "TDD_Course_macOS" */;
			buildPhases = (
				099655471DA4EB2E000D0CC7 /* Sources */,
				099655481DA4EB2E000D0CC7 /* Frameworks */,
				099655491DA4EB2E000D0CC7 /* CopyFiles */,
			);
			buildRules = (
			);
			dependencies = (
			);
			name = TDD_Course_macOS;
			productName = TDD_Course_Mac;
			productReference = 0996554B1DA4EB2E000D0CC7 /* TDD_Course_macOS */;
			productType = "com.apple.product-type.tool";
		};
		09B334AA1DAE684200163C5B /* TDD_CourseUnitTest */ = {
			isa = PBXNativeTarget;
			buildConfigurationList = 09B334B01DAE684200163C5B /* Build configuration list for PBXNativeTarget "TDD_CourseUnitTest" */;
			buildPhases = (
				7D0738146E16A762C6A22E37 /* [CP] Check Pods Manifest.lock */,
				09B334A71DAE684200163C5B /* Sources */,
				09B334A81DAE684200163C5B /* Frameworks */,
				09B334A91DAE684200163C5B /* Resources */,
				0F6B49F3914F3C5AAC07FA9D /* [CP] Embed Pods Frameworks */,
				1A89075C0A892FD61D5DA9AA /* [CP] Copy Pods Resources */,
			);
			buildRules = (
			);
			dependencies = (
			);
			name = TDD_CourseUnitTest;
			productName = TDD_CourseUnitTest;
			productReference = 09B334AB1DAE684200163C5B /* TDD_CourseUnitTest.xctest */;
			productType = "com.apple.product-type.bundle.unit-test";
		};
		CC684C2923600EC1C1538F11 /* TDD_Course_iOS */ = {
			isa = PBXNativeTarget;
			buildConfigurationList = CC684B9F4FF5FFBDB07B5612 /* Build configuration list for PBXNativeTarget "TDD_Course_iOS" */;
			buildPhases = (
				CC6844CCE3F8A6DC97037FE7 /* Sources */,
				CC684325990FD889D99F208F /* Frameworks */,
				CC684177908FB233B79DA783 /* Resources */,
			);
			buildRules = (
			);
			dependencies = (
			);
			name = TDD_Course_iOS;
			productName = TDD_Course;
			productReference = CC684C4B5E36440E31DC0C2F /* TDD_Course_iOS.app */;
			productType = "com.apple.product-type.application";
		};
/* End PBXNativeTarget section */

/* Begin PBXProject section */
		CC684AF96D149692EB29514E /* Project object */ = {
			isa = PBXProject;
			attributes = {
				LastSwiftUpdateCheck = 0800;
				ORGANIZATIONNAME = "Tommaso Resti";
				TargetAttributes = {
					0996554A1DA4EB2E000D0CC7 = {
						CreatedOnToolsVersion = 8.0;
						ProvisioningStyle = Automatic;
					};
					09B334AA1DAE684200163C5B = {
						CreatedOnToolsVersion = 8.0;
						ProvisioningStyle = Automatic;
					};
				};
			};
			buildConfigurationList = CC684D79553D02DDF8E75866 /* Build configuration list for PBXProject "TDD_Course" */;
			compatibilityVersion = "Xcode 3.2";
			developmentRegion = English;
			hasScannedForEncodings = 0;
			knownRegions = (
				en,
			);
			mainGroup = CC684F9ED0F36C25224E57CA;
			productRefGroup = CC684230F327A5596C8C55B2 /* Products */;
			projectDirPath = "";
			projectRoot = "";
			targets = (
				CC684C2923600EC1C1538F11 /* TDD_Course_iOS */,
				0996554A1DA4EB2E000D0CC7 /* TDD_Course_macOS */,
				09B334AA1DAE684200163C5B /* TDD_CourseUnitTest */,
			);
		};
/* End PBXProject section */

/* Begin PBXResourcesBuildPhase section */
		09B334A91DAE684200163C5B /* Resources */ = {
			isa = PBXResourcesBuildPhase;
			buildActionMask = 2147483647;
			files = (
				09B334B41DAE687C00163C5B /* Info.plist in Resources */,
			);
			runOnlyForDeploymentPostprocessing = 0;
		};
		CC684177908FB233B79DA783 /* Resources */ = {
			isa = PBXResourcesBuildPhase;
			buildActionMask = 2147483647;
			files = (
				CC68430E27EE5A43F0BF62D0 /* Info.plist in Resources */,
				CC6847CC0AC9975755635A80 /* Assets.xcassets in Resources */,
				CC684CFBB33ECC64C2AEB9D4 /* LaunchScreen.storyboard in Resources */,
				CC6849004552BFB3A932FFF0 /* Main.storyboard in Resources */,
			);
			runOnlyForDeploymentPostprocessing = 0;
		};
/* End PBXResourcesBuildPhase section */

/* Begin PBXShellScriptBuildPhase section */
		0F6B49F3914F3C5AAC07FA9D /* [CP] Embed Pods Frameworks */ = {
			isa = PBXShellScriptBuildPhase;
			buildActionMask = 2147483647;
			files = (
			);
			inputPaths = (
			);
			name = "[CP] Embed Pods Frameworks";
			outputPaths = (
			);
			runOnlyForDeploymentPostprocessing = 0;
			shellPath = /bin/sh;
			shellScript = "\"${SRCROOT}/Pods/Target Support Files/Pods-TDD_CourseUnitTest/Pods-TDD_CourseUnitTest-frameworks.sh\"\n";
			showEnvVarsInLog = 0;
		};
		1A89075C0A892FD61D5DA9AA /* [CP] Copy Pods Resources */ = {
			isa = PBXShellScriptBuildPhase;
			buildActionMask = 2147483647;
			files = (
			);
			inputPaths = (
			);
			name = "[CP] Copy Pods Resources";
			outputPaths = (
			);
			runOnlyForDeploymentPostprocessing = 0;
			shellPath = /bin/sh;
			shellScript = "\"${SRCROOT}/Pods/Target Support Files/Pods-TDD_CourseUnitTest/Pods-TDD_CourseUnitTest-resources.sh\"\n";
			showEnvVarsInLog = 0;
		};
		7D0738146E16A762C6A22E37 /* [CP] Check Pods Manifest.lock */ = {
			isa = PBXShellScriptBuildPhase;
			buildActionMask = 2147483647;
			files = (
			);
			inputPaths = (
			);
			name = "[CP] Check Pods Manifest.lock";
			outputPaths = (
			);
			runOnlyForDeploymentPostprocessing = 0;
			shellPath = /bin/sh;
			shellScript = "diff \"${PODS_ROOT}/../Podfile.lock\" \"${PODS_ROOT}/Manifest.lock\" > /dev/null\nif [[ $? != 0 ]] ; then\n    cat << EOM\nerror: The sandbox is not in sync with the Podfile.lock. Run 'pod install' or update your CocoaPods installation.\nEOM\n    exit 1\nfi\n";
			showEnvVarsInLog = 0;
		};
/* End PBXShellScriptBuildPhase section */

/* Begin PBXSourcesBuildPhase section */
		099655471DA4EB2E000D0CC7 /* Sources */ = {
			isa = PBXSourcesBuildPhase;
			buildActionMask = 2147483647;
			files = (
				0996554E1DA4EB2E000D0CC7 /* main.m in Sources */,
				CC684D07F7DA1AC4B7699BF4 /* Cart.m in Sources */,
				CC684050202C1AF48DF15A3E /* Executor.m in Sources */,
				CC6848BA0CD6CCA4F2D82609 /* BarcodeScannedOperation.m in Sources */,
				CC684D687AA54C4D99ACD268 /* FinishOperation.m in Sources */,
				CC684877A63698609F21A004 /* BarcodeScannedCommand.m in Sources */,
				CC68490065123EDA5E83B747 /* FinishCommand.m in Sources */,
				CC684445E4E3415AC7CD5FC5 /* Command.m in Sources */,
				CC68486847A21DEF6A708342 /* PointOfSaleController.m in Sources */,
				CC6843C52FF6703519B4C9E6 /* Controller.m in Sources */,
				CC684FAEBDC64AC38B103441 /* Item.m in Sources */,
				CC6847C27219978076A5F5B6 /* InMemoryCatalog.m in Sources */,
				CC684D57EC8E26C13A3CE2C1 /* TestInputProvider.m in Sources */,
			);
			runOnlyForDeploymentPostprocessing = 0;
		};
		09B334A71DAE684200163C5B /* Sources */ = {
			isa = PBXSourcesBuildPhase;
			buildActionMask = 2147483647;
			files = (
				09B334B81DAE693000163C5B /* PointOfSaleTest.m in Sources */,
				09B334B51DAE693000163C5B /* BarcodeScannedCommandTest.m in Sources */,
				09B334B61DAE693000163C5B /* BarcodeScannedOperationTest.m in Sources */,
				09B334B71DAE693000163C5B /* FinishOperationTest.m in Sources */,
				CC6849A082CE7D0F22C0CE40 /* Item.m in Sources */,
				CC68469ACAB6AA54F4D13726 /* BarcodeScannedCommand.m in Sources */,
				CC68441CB15DB6F3038F0D37 /* BarcodeScannedOperation.m in Sources */,
				CC684484B22E0B1DA84F9F8D /* InMemoryCatalog.m in Sources */,
				CC684C28CC6A7B48967D8BC4 /* Cart.m in Sources */,
				CC684CF9435EBC0401F74ED2 /* PointOfSaleController.m in Sources */,
				CC68410221A0D5CAD5368E0E /* Executor.m in Sources */,
				CC684A74EF02480373FF70AB /* Controller.m in Sources */,
				CC684CDB0620EE1709ACB5E3 /* FinishOperation.m in Sources */,
				CC684C27DC6FEA3F3FCA04D8 /* TestInputProvider.m in Sources */,
				CC6842144125B7CD3389D2B7 /* Command.m in Sources */,
				CC68486C1A9633BE6B309DAF /* FinishCommand.m in Sources */,
			);
			runOnlyForDeploymentPostprocessing = 0;
		};
		CC6844CCE3F8A6DC97037FE7 /* Sources */ = {
			isa = PBXSourcesBuildPhase;
			buildActionMask = 2147483647;
			files = (
				CC68489621DF39E86E3A3DAA /* main.m in Sources */,
				CC684D881E712449688568DC /* AppDelegate.m in Sources */,
				CC68453F98777651A6050AA8 /* Cart.m in Sources */,
				CC684F64B01D3AE2734D34AF /* Executor.m in Sources */,
				CC6843E4ABA005A78697D150 /* BarcodeScannedOperation.m in Sources */,
				CC684FD6671F5A0F703B74F8 /* FinishOperation.m in Sources */,
				CC684F318B62752C08DDF299 /* BarcodeScannedCommand.m in Sources */,
				CC684544F33DC6C485CC44ED /* FinishCommand.m in Sources */,
				CC684378FB1864D8717172F0 /* Command.m in Sources */,
				CC684C69F619D6565E53BD5D /* PointOfSaleController.m in Sources */,
				CC684A19CF9814D040EA1D94 /* Controller.m in Sources */,
				CC684C5437505A575DBE2AAC /* Item.m in Sources */,
				CC6844AFA7B4DF14AF48AC66 /* ViewController.m in Sources */,
				CC684D585367E6C02C39D8F8 /* InMemoryCatalog.m in Sources */,
				CC6843C66CAC3F4BDA63A725 /* TestInputProvider.m in Sources */,
			);
			runOnlyForDeploymentPostprocessing = 0;
		};
/* End PBXSourcesBuildPhase section */

/* Begin PBXVariantGroup section */
		CC68468DDBF7F127BE6BD34C /* Main.storyboard */ = {
			isa = PBXVariantGroup;
			children = (
				CC6841610274E1680420247E /* Base */,
			);
			name = Main.storyboard;
			sourceTree = "<group>";
		};
		CC684B0877DE0F0B0E369C07 /* LaunchScreen.storyboard */ = {
			isa = PBXVariantGroup;
			children = (
				CC6848246E2173438CCD71B9 /* Base */,
			);
			name = LaunchScreen.storyboard;
			sourceTree = "<group>";
		};
/* End PBXVariantGroup section */

/* Begin XCBuildConfiguration section */
		0996554F1DA4EB2E000D0CC7 /* Debug */ = {
			isa = XCBuildConfiguration;
			buildSettings = {
				CODE_SIGN_IDENTITY = "-";
				MACOSX_DEPLOYMENT_TARGET = 10.11;
				PRODUCT_NAME = "$(TARGET_NAME)";
				SDKROOT = macosx;
			};
			name = Debug;
		};
		099655501DA4EB2E000D0CC7 /* Release */ = {
			isa = XCBuildConfiguration;
			buildSettings = {
				CODE_SIGN_IDENTITY = "-";
				MACOSX_DEPLOYMENT_TARGET = 10.11;
				PRODUCT_NAME = "$(TARGET_NAME)";
				SDKROOT = macosx;
			};
			name = Release;
		};
		09B334B11DAE684200163C5B /* Debug */ = {
			isa = XCBuildConfiguration;
			baseConfigurationReference = AF72957357CF470A2AD77B47 /* Pods-TDD_CourseUnitTest.debug.xcconfig */;
			buildSettings = {
				CODE_SIGN_IDENTITY = "-";
				COMBINE_HIDPI_IMAGES = YES;
				INFOPLIST_FILE = TDD_CourseUnitTest/Info.plist;
				LD_RUNPATH_SEARCH_PATHS = "$(inherited) @executable_path/../Frameworks @loader_path/../Frameworks";
				MACOSX_DEPLOYMENT_TARGET = 10.11;
				PRODUCT_BUNDLE_IDENTIFIER = "it.tommasoresti.TDD-CourseUnitTest";
				PRODUCT_NAME = "$(TARGET_NAME)";
				SDKROOT = macosx;
			};
			name = Debug;
		};
		09B334B21DAE684200163C5B /* Release */ = {
			isa = XCBuildConfiguration;
			baseConfigurationReference = BCEC9209A458A5B01D12C935 /* Pods-TDD_CourseUnitTest.release.xcconfig */;
			buildSettings = {
				CODE_SIGN_IDENTITY = "-";
				COMBINE_HIDPI_IMAGES = YES;
				INFOPLIST_FILE = TDD_CourseUnitTest/Info.plist;
				LD_RUNPATH_SEARCH_PATHS = "$(inherited) @executable_path/../Frameworks @loader_path/../Frameworks";
				MACOSX_DEPLOYMENT_TARGET = 10.11;
				PRODUCT_BUNDLE_IDENTIFIER = "it.tommasoresti.TDD-CourseUnitTest";
				PRODUCT_NAME = "$(TARGET_NAME)";
				SDKROOT = macosx;
			};
			name = Release;
		};
		CC68426A9A06EBBDD36E2656 /* Debug */ = {
			isa = XCBuildConfiguration;
			buildSettings = {
				ALWAYS_SEARCH_USER_PATHS = NO;
				CLANG_ANALYZER_NONNULL = YES;
				CLANG_CXX_LANGUAGE_STANDARD = "gnu++0x";
				CLANG_CXX_LIBRARY = "libc++";
				CLANG_ENABLE_MODULES = YES;
				CLANG_ENABLE_OBJC_ARC = YES;
				CLANG_WARN_BOOL_CONVERSION = YES;
				CLANG_WARN_CONSTANT_CONVERSION = YES;
				CLANG_WARN_DIRECT_OBJC_ISA_USAGE = YES_ERROR;
				CLANG_WARN_DOCUMENTATION_COMMENTS = YES;
				CLANG_WARN_EMPTY_BODY = YES;
				CLANG_WARN_ENUM_CONVERSION = YES;
				CLANG_WARN_INFINITE_RECURSION = YES;
				CLANG_WARN_INT_CONVERSION = YES;
				CLANG_WARN_OBJC_ROOT_CLASS = YES_ERROR;
				CLANG_WARN_SUSPICIOUS_MOVES = YES;
				CLANG_WARN_UNREACHABLE_CODE = YES;
				CLANG_WARN__DUPLICATE_METHOD_MATCH = YES;
				"CODE_SIGN_IDENTITY[sdk=iphoneos*]" = "iPhone Developer";
				COPY_PHASE_STRIP = NO;
				DEBUG_INFORMATION_FORMAT = dwarf;
				ENABLE_STRICT_OBJC_MSGSEND = YES;
				ENABLE_TESTABILITY = YES;
				GCC_C_LANGUAGE_STANDARD = gnu99;
				GCC_DYNAMIC_NO_PIC = NO;
				GCC_NO_COMMON_BLOCKS = YES;
				GCC_OPTIMIZATION_LEVEL = 0;
				GCC_PREPROCESSOR_DEFINITIONS = (
					"DEBUG=1",
					"$(inherited)",
				);
				GCC_WARN_64_TO_32_BIT_CONVERSION = YES;
				GCC_WARN_ABOUT_RETURN_TYPE = YES_ERROR;
				GCC_WARN_UNDECLARED_SELECTOR = YES;
				GCC_WARN_UNINITIALIZED_AUTOS = YES_AGGRESSIVE;
				GCC_WARN_UNUSED_FUNCTION = YES;
				GCC_WARN_UNUSED_VARIABLE = YES;
				IPHONEOS_DEPLOYMENT_TARGET = 10.0;
				MTL_ENABLE_DEBUG_INFO = YES;
				ONLY_ACTIVE_ARCH = YES;
				SDKROOT = iphoneos;
				TARGETED_DEVICE_FAMILY = "1,2";
			};
			name = Debug;
		};
		CC68475BD1047FE3DE8AC877 /* Release */ = {
			isa = XCBuildConfiguration;
			buildSettings = {
				ALWAYS_SEARCH_USER_PATHS = NO;
				CLANG_ANALYZER_NONNULL = YES;
				CLANG_CXX_LANGUAGE_STANDARD = "gnu++0x";
				CLANG_CXX_LIBRARY = "libc++";
				CLANG_ENABLE_MODULES = YES;
				CLANG_ENABLE_OBJC_ARC = YES;
				CLANG_WARN_BOOL_CONVERSION = YES;
				CLANG_WARN_CONSTANT_CONVERSION = YES;
				CLANG_WARN_DIRECT_OBJC_ISA_USAGE = YES_ERROR;
				CLANG_WARN_DOCUMENTATION_COMMENTS = YES;
				CLANG_WARN_EMPTY_BODY = YES;
				CLANG_WARN_ENUM_CONVERSION = YES;
				CLANG_WARN_INFINITE_RECURSION = YES;
				CLANG_WARN_INT_CONVERSION = YES;
				CLANG_WARN_OBJC_ROOT_CLASS = YES_ERROR;
				CLANG_WARN_SUSPICIOUS_MOVES = YES;
				CLANG_WARN_UNREACHABLE_CODE = YES;
				CLANG_WARN__DUPLICATE_METHOD_MATCH = YES;
				"CODE_SIGN_IDENTITY[sdk=iphoneos*]" = "iPhone Developer";
				COPY_PHASE_STRIP = NO;
				DEBUG_INFORMATION_FORMAT = "dwarf-with-dsym";
				ENABLE_NS_ASSERTIONS = NO;
				ENABLE_STRICT_OBJC_MSGSEND = YES;
				GCC_C_LANGUAGE_STANDARD = gnu99;
				GCC_NO_COMMON_BLOCKS = YES;
				GCC_WARN_64_TO_32_BIT_CONVERSION = YES;
				GCC_WARN_ABOUT_RETURN_TYPE = YES_ERROR;
				GCC_WARN_UNDECLARED_SELECTOR = YES;
				GCC_WARN_UNINITIALIZED_AUTOS = YES_AGGRESSIVE;
				GCC_WARN_UNUSED_FUNCTION = YES;
				GCC_WARN_UNUSED_VARIABLE = YES;
				IPHONEOS_DEPLOYMENT_TARGET = 10.0;
				MTL_ENABLE_DEBUG_INFO = NO;
				SDKROOT = iphoneos;
				TARGETED_DEVICE_FAMILY = "1,2";
				VALIDATE_PRODUCT = YES;
			};
			name = Release;
		};
		CC684BF3BE92F95F213ECE71 /* Debug */ = {
			isa = XCBuildConfiguration;
			buildSettings = {
				ASSETCATALOG_COMPILER_APPICON_NAME = AppIcon;
				INFOPLIST_FILE = TDD_Course_iOS/Info.plist;
				LD_RUNPATH_SEARCH_PATHS = "$(inherited) @executable_path/Frameworks";
				PRODUCT_BUNDLE_IDENTIFIER = "it.tommasoresti.TDD-Course";
				PRODUCT_NAME = "$(TARGET_NAME)";
			};
			name = Debug;
		};
		CC684FEDF2917EE23D201F54 /* Release */ = {
			isa = XCBuildConfiguration;
			buildSettings = {
				ASSETCATALOG_COMPILER_APPICON_NAME = AppIcon;
				INFOPLIST_FILE = TDD_Course_iOS/Info.plist;
				LD_RUNPATH_SEARCH_PATHS = "$(inherited) @executable_path/Frameworks";
				PRODUCT_BUNDLE_IDENTIFIER = "it.tommasoresti.TDD-Course";
				PRODUCT_NAME = "$(TARGET_NAME)";
			};
			name = Release;
		};
/* End XCBuildConfiguration section */

/* Begin XCConfigurationList section */
		099655511DA4EB2E000D0CC7 /* Build configuration list for PBXNativeTarget "TDD_Course_macOS" */ = {
			isa = XCConfigurationList;
			buildConfigurations = (
				0996554F1DA4EB2E000D0CC7 /* Debug */,
				099655501DA4EB2E000D0CC7 /* Release */,
			);
			defaultConfigurationIsVisible = 0;
			defaultConfigurationName = Release;
		};
		09B334B01DAE684200163C5B /* Build configuration list for PBXNativeTarget "TDD_CourseUnitTest" */ = {
			isa = XCConfigurationList;
			buildConfigurations = (
				09B334B11DAE684200163C5B /* Debug */,
				09B334B21DAE684200163C5B /* Release */,
			);
			defaultConfigurationIsVisible = 0;
			defaultConfigurationName = Release;
		};
		CC684B9F4FF5FFBDB07B5612 /* Build configuration list for PBXNativeTarget "TDD_Course_iOS" */ = {
			isa = XCConfigurationList;
			buildConfigurations = (
				CC684BF3BE92F95F213ECE71 /* Debug */,
				CC684FEDF2917EE23D201F54 /* Release */,
			);
			defaultConfigurationIsVisible = 0;
			defaultConfigurationName = Release;
		};
		CC684D79553D02DDF8E75866 /* Build configuration list for PBXProject "TDD_Course" */ = {
			isa = XCConfigurationList;
			buildConfigurations = (
				CC68426A9A06EBBDD36E2656 /* Debug */,
				CC68475BD1047FE3DE8AC877 /* Release */,
			);
			defaultConfigurationIsVisible = 0;
			defaultConfigurationName = Release;
		};
/* End XCConfigurationList section */
	};
	rootObject = CC684AF96D149692EB29514E /* Project object */;
}
